
Microsoft Visual Studio Solution File, Format Version 12.00
# Visual Studio 15
VisualStudioVersion = 15.0.27703.2047
MinimumVisualStudioVersion = 10.0.40219.1
Project("{FAE04EC0-301F-11D3-BF4B-00C04F79EFBC}") = "Prueba1", "Prueba1\Prueba1.csproj", "{210641FA-36C9-418A-A4BC-FECF569E802F}"
EndProject
Project("{FAE04EC0-301F-11D3-BF4B-00C04F79EFBC}") = "Orquesta", "ConsoleApp1\Orquesta.csproj", "{6A51CA25-471A-408D-990F-591B6D1DA2B3}"
EndProject
Global
	GlobalSection(SolutionConfigurationPlatforms) = preSolution
		Debug|Any CPU = Debug|Any CPU
		Release|Any CPU = Release|Any CPU
	EndGlobalSection
	GlobalSection(ProjectConfigurationPlatforms) = postSolution
		{210641FA-36C9-418A-A4BC-FECF569E802F}.Debug|Any CPU.ActiveCfg = Debug|Any CPU
		{210641FA-36C9-418A-A4BC-FECF569E802F}.Debug|Any CPU.Build.0 = Debug|Any CPU
		{210641FA-36C9-418A-A4BC-FECF569E802F}.Release|Any CPU.ActiveCfg = Release|Any CPU
		{210641FA-36C9-418A-A4BC-FECF569E802F}.Release|Any CPU.Build.0 = Release|Any CPU
		{6A51CA25-471A-408D-990F-591B6D1DA2B3}.Debug|Any CPU.ActiveCfg = Debug|Any CPU
		{6A51CA25-471A-408D-990F-591B6D1DA2B3}.Debug|Any CPU.Build.0 = Debug|Any CPU
		{6A51CA25-471A-408D-990F-591B6D1DA2B3}.Release|Any CPU.ActiveCfg = Release|Any CPU
		{6A51CA25-471A-408D-990F-591B6D1DA2B3}.Release|Any CPU.Build.0 = Release|Any CPU
	EndGlobalSection
	GlobalSection(SolutionProperties) = preSolution
		HideSolutionNode = FALSE
	EndGlobalSection
	GlobalSection(ExtensibilityGlobals) = postSolution
		SolutionGuid = {69B51D63-2CD2-4415-9487-156A23C0347C}
	EndGlobalSection
EndGlobal
